{
  "nodes": {
    "aa-alias-manager": {
      "inputs": {
        "nixpkgs": [
          "nixpkgs"
        ]
      },
      "locked": {
        "lastModified": 1729710796,
        "narHash": "sha256-K/MHKrTWwIH1M9aZX5qD2uDGeg7mBXsFzn7LaMeL6Z0=",
        "owner": "LordGrimmauld",
        "repo": "aa-alias-manager",
        "rev": "3afd2fb056d2c5f0c4f5374a64e6166a8b7a0452",
        "type": "github"
      },
      "original": {
        "owner": "LordGrimmauld",
        "repo": "aa-alias-manager",
        "type": "github"
      }
    },
    "nixpkgs": {
      "locked": {
        "lastModified": 1729413321,
        "narHash": "sha256-I4tuhRpZFa6Fu6dcH9Dlo5LlH17peT79vx1y1SpeKt0=",
        "owner": "NixOS",
        "repo": "nixpkgs",
        "rev": "1997e4aa514312c1af7e2bda7fad1644e778ff26",
        "type": "github"
      },
      "original": {
        "owner": "NixOS",
        "ref": "nixos-unstable",
        "repo": "nixpkgs",
        "type": "github"
      }
    },
    "root": {
      "inputs": {
        "aa-alias-manager": "aa-alias-manager",
        "nixpkgs": "nixpkgs"
      }
    }
  },
  "root": "root",
  "version": 7
}
